
Microsoft Visual Studio Solution File, Format Version 12.00
# Visual Studio Version 16
VisualStudioVersion = 16.0.30002.166
MinimumVisualStudioVersion = 15.0.26124.0
Project("{9A19103F-16F7-4668-BE54-9A1E7A4F7556}") = "HiveMind", "HiveMind\HiveMind.csproj", "{F49AB79C-564C-42B7-8382-4B3700D8A162}"
EndProject
Project("{9A19103F-16F7-4668-BE54-9A1E7A4F7556}") = "HiveMindTest", "HiveMindTest\HiveMindTest.csproj", "{ADF5A6EE-6266-4DA4-AA12-CDFB14F19D1B}"
EndProject
Project("{2150E333-8FDC-42A3-9474-1A3956D46DE8}") = "Solution Items", "Solution Items", "{EC680F62-7549-48D0-85EB-D0907892AC5D}"
	ProjectSection(SolutionItems) = preProject
		readme.md = readme.md
	EndProjectSection
EndProject
Global
	GlobalSection(SolutionConfigurationPlatforms) = preSolution
		Debug|Any CPU = Debug|Any CPU
		Debug|x64 = Debug|x64
		Debug|x86 = Debug|x86
		Release|Any CPU = Release|Any CPU
		Release|x64 = Release|x64
		Release|x86 = Release|x86
	EndGlobalSection
	GlobalSection(ProjectConfigurationPlatforms) = postSolution
		{F49AB79C-564C-42B7-8382-4B3700D8A162}.Debug|Any CPU.ActiveCfg = Debug|Any CPU
		{F49AB79C-564C-42B7-8382-4B3700D8A162}.Debug|Any CPU.Build.0 = Debug|Any CPU
		{F49AB79C-564C-42B7-8382-4B3700D8A162}.Debug|x64.ActiveCfg = Debug|Any CPU
		{F49AB79C-564C-42B7-8382-4B3700D8A162}.Debug|x64.Build.0 = Debug|Any CPU
		{F49AB79C-564C-42B7-8382-4B3700D8A162}.Debug|x86.ActiveCfg = Debug|Any CPU
		{F49AB79C-564C-42B7-8382-4B3700D8A162}.Debug|x86.Build.0 = Debug|Any CPU
		{F49AB79C-564C-42B7-8382-4B3700D8A162}.Release|Any CPU.ActiveCfg = Release|Any CPU
		{F49AB79C-564C-42B7-8382-4B3700D8A162}.Release|Any CPU.Build.0 = Release|Any CPU
		{F49AB79C-564C-42B7-8382-4B3700D8A162}.Release|x64.ActiveCfg = Release|Any CPU
		{F49AB79C-564C-42B7-8382-4B3700D8A162}.Release|x64.Build.0 = Release|Any CPU
		{F49AB79C-564C-42B7-8382-4B3700D8A162}.Release|x86.ActiveCfg = Release|Any CPU
		{F49AB79C-564C-42B7-8382-4B3700D8A162}.Release|x86.Build.0 = Release|Any CPU
		{ADF5A6EE-6266-4DA4-AA12-CDFB14F19D1B}.Debug|Any CPU.ActiveCfg = Debug|Any CPU
		{ADF5A6EE-6266-4DA4-AA12-CDFB14F19D1B}.Debug|Any CPU.Build.0 = Debug|Any CPU
		{ADF5A6EE-6266-4DA4-AA12-CDFB14F19D1B}.Debug|x64.ActiveCfg = Debug|Any CPU
		{ADF5A6EE-6266-4DA4-AA12-CDFB14F19D1B}.Debug|x64.Build.0 = Debug|Any CPU
		{ADF5A6EE-6266-4DA4-AA12-CDFB14F19D1B}.Debug|x86.ActiveCfg = Debug|Any CPU
		{ADF5A6EE-6266-4DA4-AA12-CDFB14F19D1B}.Debug|x86.Build.0 = Debug|Any CPU
		{ADF5A6EE-6266-4DA4-AA12-CDFB14F19D1B}.Release|Any CPU.ActiveCfg = Release|Any CPU
		{ADF5A6EE-6266-4DA4-AA12-CDFB14F19D1B}.Release|Any CPU.Build.0 = Release|Any CPU
		{ADF5A6EE-6266-4DA4-AA12-CDFB14F19D1B}.Release|x64.ActiveCfg = Release|Any CPU
		{ADF5A6EE-6266-4DA4-AA12-CDFB14F19D1B}.Release|x64.Build.0 = Release|Any CPU
		{ADF5A6EE-6266-4DA4-AA12-CDFB14F19D1B}.Release|x86.ActiveCfg = Release|Any CPU
		{ADF5A6EE-6266-4DA4-AA12-CDFB14F19D1B}.Release|x86.Build.0 = Release|Any CPU
	EndGlobalSection
	GlobalSection(SolutionProperties) = preSolution
		HideSolutionNode = FALSE
	EndGlobalSection
	GlobalSection(ExtensibilityGlobals) = postSolution
		SolutionGuid = {1C07AABE-8AB7-4DA2-BEF2-709506D28526}
	EndGlobalSection
EndGlobal
